
Microsoft Visual Studio Solution File, Format Version 12.00
# Visual Studio Version 17
VisualStudioVersion = 17.2.32602.215
MinimumVisualStudioVersion = 10.0.40219.1
Project("{FAE04EC0-301F-11D3-BF4B-00C04F79EFBC}") = "Transport", "Transport\Transport.csproj", "{83DACF52-A241-46BA-8D61-B9087177DC03}"
EndProject
Global
	GlobalSection(SolutionConfigurationPlatforms) = preSolution
		Debug|Any CPU = Debug|Any CPU
		Release|Any CPU = Release|Any CPU
	EndGlobalSection
	GlobalSection(ProjectConfigurationPlatforms) = postSolution
		{83DACF52-A241-46BA-8D61-B9087177DC03}.Debug|Any CPU.ActiveCfg = Debug|Any CPU
		{83DACF52-A241-46BA-8D61-B9087177DC03}.Debug|Any CPU.Build.0 = Debug|Any CPU
		{83DACF52-A241-46BA-8D61-B9087177DC03}.Release|Any CPU.ActiveCfg = Release|Any CPU
		{83DACF52-A241-46BA-8D61-B9087177DC03}.Release|Any CPU.Build.0 = Release|Any CPU
	EndGlobalSection
	GlobalSection(SolutionProperties) = preSolution
		HideSolutionNode = FALSE
	EndGlobalSection
	GlobalSection(ExtensibilityGlobals) = postSolution
		SolutionGuid = {447640B9-164B-4615-9BBB-A25128AB6CC1}
	EndGlobalSection
EndGlobal
